
Microsoft Visual Studio Solution File, Format Version 11.00
# Visual Studio 2010
Project("{FAE04EC0-301F-11D3-BF4B-00C04F79EFBC}") = "Assembly-CSharp", "Assembly-CSharp.csproj", "{8FAC278F-0256-E880-2323-F4548009C4B1}"
EndProject
Project("{FAE04EC0-301F-11D3-BF4B-00C04F79EFBC}") = "Assembly-CSharp-Editor", "Assembly-CSharp-Editor.csproj", "{38C1F5D6-8891-7374-D5D7-F1663E5E6F28}"
EndProject
Global
	GlobalSection(SolutionConfigurationPlatforms) = preSolution
		Debug|Any CPU = Debug|Any CPU
		Release|Any CPU = Release|Any CPU
	EndGlobalSection
	GlobalSection(ProjectConfigurationPlatforms) = postSolution
		{8FAC278F-0256-E880-2323-F4548009C4B1}.Debug|Any CPU.ActiveCfg = Debug|Any CPU
		{8FAC278F-0256-E880-2323-F4548009C4B1}.Debug|Any CPU.Build.0 = Debug|Any CPU
		{8FAC278F-0256-E880-2323-F4548009C4B1}.Release|Any CPU.ActiveCfg = Release|Any CPU
		{8FAC278F-0256-E880-2323-F4548009C4B1}.Release|Any CPU.Build.0 = Release|Any CPU
		{38C1F5D6-8891-7374-D5D7-F1663E5E6F28}.Debug|Any CPU.ActiveCfg = Debug|Any CPU
		{38C1F5D6-8891-7374-D5D7-F1663E5E6F28}.Debug|Any CPU.Build.0 = Debug|Any CPU
		{38C1F5D6-8891-7374-D5D7-F1663E5E6F28}.Release|Any CPU.ActiveCfg = Release|Any CPU
		{38C1F5D6-8891-7374-D5D7-F1663E5E6F28}.Release|Any CPU.Build.0 = Release|Any CPU
	EndGlobalSection
	GlobalSection(SolutionProperties) = preSolution
		HideSolutionNode = FALSE
	EndGlobalSection
EndGlobal
